PODS:
  - OpenTok (2.25.0):
    - VonageWebRTC (= 99.2.39)
  - VonageWebRTC (99.2.39)

DEPENDENCIES:
  - OpenTok

SPEC REPOS:
  trunk:
    - OpenTok
    - VonageWebRTC

SPEC CHECKSUMS:
  OpenTok: f837a493e3e6993ae604ede80d2548dde4f8cc96
  VonageWebRTC: 4b57187170ef4ea435006e932600646a0521d6b0

PODFILE CHECKSUM: 3f23e33a5c84eda01ba15250dee9a802d05dbd5d

COCOAPODS: 1.11.3
